
Microsoft Visual Studio Solution File, Format Version 12.00
# Visual Studio Version 17
VisualStudioVersion = 17.0.32126.317
MinimumVisualStudioVersion = 10.0.40219.1
Project("{FAE04EC0-301F-11D3-BF4B-00C04F79EFBC}") = "BackTest", "BackTest\BackTest.csproj", "{A14317B9-E673-43B1-977F-322E39ACD9DE}"
EndProject
Global
	GlobalSection(SolutionConfigurationPlatforms) = preSolution
		Debug|Any CPU = Debug|Any CPU
		Release|Any CPU = Release|Any CPU
	EndGlobalSection
	GlobalSection(ProjectConfigurationPlatforms) = postSolution
		{A14317B9-E673-43B1-977F-322E39ACD9DE}.Debug|Any CPU.ActiveCfg = Debug|Any CPU
		{A14317B9-E673-43B1-977F-322E39ACD9DE}.Debug|Any CPU.Build.0 = Debug|Any CPU
		{A14317B9-E673-43B1-977F-322E39ACD9DE}.Release|Any CPU.ActiveCfg = Release|Any CPU
		{A14317B9-E673-43B1-977F-322E39ACD9DE}.Release|Any CPU.Build.0 = Release|Any CPU
	EndGlobalSection
	GlobalSection(SolutionProperties) = preSolution
		HideSolutionNode = FALSE
	EndGlobalSection
	GlobalSection(ExtensibilityGlobals) = postSolution
		SolutionGuid = {099370A9-65E2-49FA-8CA6-72FB56B59EE2}
	EndGlobalSection
EndGlobal
